
Microsoft Visual Studio Solution File, Format Version 12.00
# Visual Studio Version 16
VisualStudioVersion = 16.0.31321.278
MinimumVisualStudioVersion = 10.0.40219.1
Project("{FAE04EC0-301F-11D3-BF4B-00C04F79EFBC}") = "E-TradeAppUI", "E-TradeAppUI\E-TradeAppUI.csproj", "{BB28C089-C21D-43DF-83D9-B688C04A9875}"
EndProject
Global
	GlobalSection(SolutionConfigurationPlatforms) = preSolution
		Debug|Any CPU = Debug|Any CPU
		Release|Any CPU = Release|Any CPU
	EndGlobalSection
	GlobalSection(ProjectConfigurationPlatforms) = postSolution
		{BB28C089-C21D-43DF-83D9-B688C04A9875}.Debug|Any CPU.ActiveCfg = Debug|Any CPU
		{BB28C089-C21D-43DF-83D9-B688C04A9875}.Debug|Any CPU.Build.0 = Debug|Any CPU
		{BB28C089-C21D-43DF-83D9-B688C04A9875}.Release|Any CPU.ActiveCfg = Release|Any CPU
		{BB28C089-C21D-43DF-83D9-B688C04A9875}.Release|Any CPU.Build.0 = Release|Any CPU
	EndGlobalSection
	GlobalSection(SolutionProperties) = preSolution
		HideSolutionNode = FALSE
	EndGlobalSection
	GlobalSection(ExtensibilityGlobals) = postSolution
		SolutionGuid = {D7E6F6E2-9860-4E3F-B33B-443148492255}
	EndGlobalSection
EndGlobal
